
Microsoft Visual Studio Solution File, Format Version 12.00
# Visual Studio Version 16
VisualStudioVersion = 16.0.32126.315
MinimumVisualStudioVersion = 10.0.40219.1
Project("{FAE04EC0-301F-11D3-BF4B-00C04F79EFBC}") = "Youi-Automation-Tests", "Youi-Automation-Tests.csproj", "{61E6FE95-4597-4342-B49E-96C607240AAB}"
EndProject
Global
	GlobalSection(SolutionConfigurationPlatforms) = preSolution
		Debug|Any CPU = Debug|Any CPU
		Release|Any CPU = Release|Any CPU
	EndGlobalSection
	GlobalSection(ProjectConfigurationPlatforms) = postSolution
		{61E6FE95-4597-4342-B49E-96C607240AAB}.Debug|Any CPU.ActiveCfg = Debug|Any CPU
		{61E6FE95-4597-4342-B49E-96C607240AAB}.Debug|Any CPU.Build.0 = Debug|Any CPU
		{61E6FE95-4597-4342-B49E-96C607240AAB}.Release|Any CPU.ActiveCfg = Release|Any CPU
		{61E6FE95-4597-4342-B49E-96C607240AAB}.Release|Any CPU.Build.0 = Release|Any CPU
	EndGlobalSection
	GlobalSection(SolutionProperties) = preSolution
		HideSolutionNode = FALSE
	EndGlobalSection
	GlobalSection(ExtensibilityGlobals) = postSolution
		SolutionGuid = {970361D5-75B1-41AF-B83A-CCCB8BA17BD0}
	EndGlobalSection
EndGlobal
